// !$*UTF8*$!
{
	archiveVersion = 1;
	classes = {
	};
	objectVersion = 46;
	objects = {

/* Begin PBXBuildFile section */
		21C3384517FCAEF900CB6D71 /* common-arrow-up@2x.png in Resources */ = {isa = PBXBuildFile; fileRef = 21C3382817FCAEF900CB6D71 /* common-arrow-up@2x.png */; };
		21C3384617FCAEF900CB6D71 /* common-blur-bg@2x.png in Resources */ = {isa = PBXBuildFile; fileRef = 21C3382917FCAEF900CB6D71 /* common-blur-bg@2x.png */; };
		21C3384717FCAEF900CB6D71 /* common-clouds@2x.png in Resources */ = {isa = PBXBuildFile; fileRef = 21C3382A17FCAEF900CB6D71 /* common-clouds@2x.png */; };
		21C3384817FCAEF900CB6D71 /* common-heart@2x.png in Resources */ = {isa = PBXBuildFile; fileRef = 21C3382B17FCAEF900CB6D71 /* common-heart@2x.png */; };
		21C3384917FCAEF900CB6D71 /* common-house-bg@2x.png in Resources */ = {isa = PBXBuildFile; fileRef = 21C3382C17FCAEF900CB6D71 /* common-house-bg@2x.png */; };
		21C3384A17FCAEF900CB6D71 /* common-house-cut.png in Resources */ = {isa = PBXBuildFile; fileRef = 21C3382D17FCAEF900CB6D71 /* common-house-cut.png */; };
		21C3384B17FCAEF900CB6D71 /* common-icon-add@2x.png in Resources */ = {isa = PBXBuildFile; fileRef = 21C3382E17FCAEF900CB6D71 /* common-icon-add@2x.png */; };
		21C3384C17FCAEF900CB6D71 /* common-icon-addnote@2x.png in Resources */ = {isa = PBXBuildFile; fileRef = 21C3382F17FCAEF900CB6D71 /* common-icon-addnote@2x.png */; };
		21C3384D17FCAEF900CB6D71 /* common-icon-arrow-down@2x.png in Resources */ = {isa = PBXBuildFile; fileRef = 21C3383017FCAEF900CB6D71 /* common-icon-arrow-down@2x.png */; };
		21C3384E17FCAEF900CB6D71 /* common-icon-back@2x.png in Resources */ = {isa = PBXBuildFile; fileRef = 21C3383117FCAEF900CB6D71 /* common-icon-back@2x.png */; };
		21C3384F17FCAEF900CB6D71 /* common-icon-line@2x.png in Resources */ = {isa = PBXBuildFile; fileRef = 21C3383217FCAEF900CB6D71 /* common-icon-line@2x.png */; };
		21C3385017FCAEF900CB6D71 /* common-icon-man-large@2x.png in Resources */ = {isa = PBXBuildFile; fileRef = 21C3383317FCAEF900CB6D71 /* common-icon-man-large@2x.png */; };
		21C3385117FCAEF900CB6D71 /* common-icon-man-small@2x.png in Resources */ = {isa = PBXBuildFile; fileRef = 21C3383417FCAEF900CB6D71 /* common-icon-man-small@2x.png */; };
		21C3385217FCAEF900CB6D71 /* common-icon-nav@2x.png in Resources */ = {isa = PBXBuildFile; fileRef = 21C3383517FCAEF900CB6D71 /* common-icon-nav@2x.png */; };
		21C3385317FCAEF900CB6D71 /* common-manmetrics@2x.png in Resources */ = {isa = PBXBuildFile; fileRef = 21C3383617FCAEF900CB6D71 /* common-manmetrics@2x.png */; };
		21C3385417FCAEF900CB6D71 /* common-mantracker@2x.png in Resources */ = {isa = PBXBuildFile; fileRef = 21C3383717FCAEF900CB6D71 /* common-mantracker@2x.png */; };
		21C3385517FCAEF900CB6D71 /* common-sky-cut.png in Resources */ = {isa = PBXBuildFile; fileRef = 21C3383817FCAEF900CB6D71 /* common-sky-cut.png */; };
		21C3385617FCAEF900CB6D71 /* location-avgtime@2x.png in Resources */ = {isa = PBXBuildFile; fileRef = 21C3383917FCAEF900CB6D71 /* location-avgtime@2x.png */; };
		21C3385717FCAEF900CB6D71 /* location-checkin@2x.png in Resources */ = {isa = PBXBuildFile; fileRef = 21C3383A17FCAEF900CB6D71 /* location-checkin@2x.png */; };
		21C3385817FCAEF900CB6D71 /* location-myplace@2x.png in Resources */ = {isa = PBXBuildFile; fileRef = 21C3383B17FCAEF900CB6D71 /* location-myplace@2x.png */; };
		21C3385917FCAEF900CB6D71 /* location-note@2x.png in Resources */ = {isa = PBXBuildFile; fileRef = 21C3383C17FCAEF900CB6D71 /* location-note@2x.png */; };
		21C3385A17FCAEF900CB6D71 /* location-tweet@2x.png in Resources */ = {isa = PBXBuildFile; fileRef = 21C3383D17FCAEF900CB6D71 /* location-tweet@2x.png */; };
		21C3385B17FCAEF900CB6D71 /* main-hamburger@2x.png in Resources */ = {isa = PBXBuildFile; fileRef = 21C3383E17FCAEF900CB6D71 /* main-hamburger@2x.png */; };
		21C3385C17FCAEF900CB6D71 /* main-kingsbar@2x.png in Resources */ = {isa = PBXBuildFile; fileRef = 21C3383F17FCAEF900CB6D71 /* main-kingsbar@2x.png */; };
		21C3385D17FCAEF900CB6D71 /* main-mikes@2x.png in Resources */ = {isa = PBXBuildFile; fileRef = 21C3384017FCAEF900CB6D71 /* main-mikes@2x.png */; };
		21C3385E17FCAEF900CB6D71 /* main-myplace@2x.png in Resources */ = {isa = PBXBuildFile; fileRef = 21C3384117FCAEF900CB6D71 /* main-myplace@2x.png */; };
		21C3385F17FCAEF900CB6D71 /* main-mystery@2x.png in Resources */ = {isa = PBXBuildFile; fileRef = 21C3384217FCAEF900CB6D71 /* main-mystery@2x.png */; };
		21C3386017FCAEF900CB6D71 /* main-work@2x.png in Resources */ = {isa = PBXBuildFile; fileRef = 21C3384317FCAEF900CB6D71 /* main-work@2x.png */; };
		21C3386117FCAEF900CB6D71 /* pull-down@2x.png in Resources */ = {isa = PBXBuildFile; fileRef = 21C3384417FCAEF900CB6D71 /* pull-down@2x.png */; };
		21C3386617FCC4BF00CB6D71 /* common-cloud1.png in Resources */ = {isa = PBXBuildFile; fileRef = 21C3386417FCC4BF00CB6D71 /* common-cloud1.png */; };
		21C3386717FCC4BF00CB6D71 /* common-cloud2.png in Resources */ = {isa = PBXBuildFile; fileRef = 21C3386517FCC4BF00CB6D71 /* common-cloud2.png */; };
		4658CEBD17FB12DC008A7D1A /* MTHomeLocationLayout.m in Sources */ = {isa = PBXBuildFile; fileRef = 4658CEBC17FB12DC008A7D1A /* MTHomeLocationLayout.m */; };
		4658CEC517FB3A32008A7D1A /* UIImage+ImageEffects.m in Sources */ = {isa = PBXBuildFile; fileRef = 4658CEC417FB3A32008A7D1A /* UIImage+ImageEffects.m */; };
		4658CECA17FB3DBB008A7D1A /* MTNavigationBar.m in Sources */ = {isa = PBXBuildFile; fileRef = 4658CEC917FB3DBB008A7D1A /* MTNavigationBar.m */; };
		465C271417FCE03D009C11DC /* MTKVO.m in Sources */ = {isa = PBXBuildFile; fileRef = 465C271317FCE03D009C11DC /* MTKVO.m */; };
		46C963AA17FA259600686A7F /* Main.storyboard in Resources */ = {isa = PBXBuildFile; fileRef = 46C963A917FA259600686A7F /* Main.storyboard */; };
		46C963AD17FA2C6500686A7F /* MTDrawerController.m in Sources */ = {isa = PBXBuildFile; fileRef = 46C963AC17FA2C6500686A7F /* MTDrawerController.m */; };
		46C963B017FA50B400686A7F /* MTDrawerTransitionAnimator.m in Sources */ = {isa = PBXBuildFile; fileRef = 46C963AF17FA50B400686A7F /* MTDrawerTransitionAnimator.m */; };
		FBE0FEE917FB2B5100F42D40 /* arrow@2x.png in Resources */ = {isa = PBXBuildFile; fileRef = FBE0FEE417FB2B5100F42D40 /* arrow@2x.png */; };
		FBE0FEEA17FB2B5100F42D40 /* bar-pulldown@2x.png in Resources */ = {isa = PBXBuildFile; fileRef = FBE0FEE517FB2B5100F42D40 /* bar-pulldown@2x.png */; };
		FBE0FEEB17FB2B5100F42D40 /* heart@2x.png in Resources */ = {isa = PBXBuildFile; fileRef = FBE0FEE617FB2B5100F42D40 /* heart@2x.png */; };
		FBE0FEEC17FB2B5100F42D40 /* man-icon-large@2x.png in Resources */ = {isa = PBXBuildFile; fileRef = FBE0FEE717FB2B5100F42D40 /* man-icon-large@2x.png */; };
		FBE0FEED17FB2B5100F42D40 /* man-icon-small@2x.png in Resources */ = {isa = PBXBuildFile; fileRef = FBE0FEE817FB2B5100F42D40 /* man-icon-small@2x.png */; };
		FBF26CEB17F8B7E60023D29C /* Foundation.framework in Frameworks */ = {isa = PBXBuildFile; fileRef = FBF26CEA17F8B7E60023D29C /* Foundation.framework */; };
		FBF26CED17F8B7E60023D29C /* CoreGraphics.framework in Frameworks */ = {isa = PBXBuildFile; fileRef = FBF26CEC17F8B7E60023D29C /* CoreGraphics.framework */; };
		FBF26CEF17F8B7E60023D29C /* UIKit.framework in Frameworks */ = {isa = PBXBuildFile; fileRef = FBF26CEE17F8B7E60023D29C /* UIKit.framework */; };
		FBF26CF517F8B7E60023D29C /* InfoPlist.strings in Resources */ = {isa = PBXBuildFile; fileRef = FBF26CF317F8B7E60023D29C /* InfoPlist.strings */; };
		FBF26CF717F8B7E60023D29C /* main.m in Sources */ = {isa = PBXBuildFile; fileRef = FBF26CF617F8B7E60023D29C /* main.m */; };
		FBF26D0317F8B7E60023D29C /* Images.xcassets in Resources */ = {isa = PBXBuildFile; fileRef = FBF26D0217F8B7E60023D29C /* Images.xcassets */; };
		FBF26D0A17F8B7E60023D29C /* XCTest.framework in Frameworks */ = {isa = PBXBuildFile; fileRef = FBF26D0917F8B7E60023D29C /* XCTest.framework */; };
		FBF26D0B17F8B7E60023D29C /* Foundation.framework in Frameworks */ = {isa = PBXBuildFile; fileRef = FBF26CEA17F8B7E60023D29C /* Foundation.framework */; };
		FBF26D0C17F8B7E60023D29C /* UIKit.framework in Frameworks */ = {isa = PBXBuildFile; fileRef = FBF26CEE17F8B7E60023D29C /* UIKit.framework */; };
		FBF26D1417F8B7E60023D29C /* InfoPlist.strings in Resources */ = {isa = PBXBuildFile; fileRef = FBF26D1217F8B7E60023D29C /* InfoPlist.strings */; };
		FBF26D1617F8B7E60023D29C /* MantrackerTests.m in Sources */ = {isa = PBXBuildFile; fileRef = FBF26D1517F8B7E60023D29C /* MantrackerTests.m */; };
		FBF26D2617F8BA280023D29C /* MTHomeController.m in Sources */ = {isa = PBXBuildFile; fileRef = FBF26D2217F8BA280023D29C /* MTHomeController.m */; };
		FBF26D2717F8BA280023D29C /* MTAppDelegate.m in Sources */ = {isa = PBXBuildFile; fileRef = FBF26D2517F8BA280023D29C /* MTAppDelegate.m */; };
		FBF26D2B17F8BB3D0023D29C /* MTLocation.m in Sources */ = {isa = PBXBuildFile; fileRef = FBF26D2A17F8BB3D0023D29C /* MTLocation.m */; };
		FBF26D2E17F8C0AE0023D29C /* MTHomeLocationCell.m in Sources */ = {isa = PBXBuildFile; fileRef = FBF26D2D17F8C0AE0023D29C /* MTHomeLocationCell.m */; };
		FBF26D3117F8C66B0023D29C /* MTLocationController.m in Sources */ = {isa = PBXBuildFile; fileRef = FBF26D3017F8C66B0023D29C /* MTLocationController.m */; };
		FBF26D3417F8D55B0023D29C /* MTHomeLocationSegue.m in Sources */ = {isa = PBXBuildFile; fileRef = FBF26D3317F8D55B0023D29C /* MTHomeLocationSegue.m */; };
		FBF26D3717F8EEF80023D29C /* MTNavigationDelegate.m in Sources */ = {isa = PBXBuildFile; fileRef = FBF26D3617F8EEF80023D29C /* MTNavigationDelegate.m */; };
		FBF26D3A17F8F8AA0023D29C /* MTHomeLocationAnimator.m in Sources */ = {isa = PBXBuildFile; fileRef = FBF26D3917F8F8AA0023D29C /* MTHomeLocationAnimator.m */; };
/* End PBXBuildFile section */

/* Begin PBXContainerItemProxy section */
		FBF26D0D17F8B7E60023D29C /* PBXContainerItemProxy */ = {
			isa = PBXContainerItemProxy;
			containerPortal = FBF26CDF17F8B7E60023D29C /* Project object */;
			proxyType = 1;
			remoteGlobalIDString = FBF26CE617F8B7E60023D29C;
			remoteInfo = Mantracker;
		};
/* End PBXContainerItemProxy section */

/* Begin PBXFileReference section */
		21C3382817FCAEF900CB6D71 /* common-arrow-up@2x.png */ = {isa = PBXFileReference; lastKnownFileType = image.png; path = "common-arrow-up@2x.png"; sourceTree = "<group>"; };
		21C3382917FCAEF900CB6D71 /* common-blur-bg@2x.png */ = {isa = PBXFileReference; lastKnownFileType = image.png; path = "common-blur-bg@2x.png"; sourceTree = "<group>"; };
		21C3382A17FCAEF900CB6D71 /* common-clouds@2x.png */ = {isa = PBXFileReference; lastKnownFileType = image.png; path = "common-clouds@2x.png"; sourceTree = "<group>"; };
		21C3382B17FCAEF900CB6D71 /* common-heart@2x.png */ = {isa = PBXFileReference; lastKnownFileType = image.png; path = "common-heart@2x.png"; sourceTree = "<group>"; };
		21C3382C17FCAEF900CB6D71 /* common-house-bg@2x.png */ = {isa = PBXFileReference; lastKnownFileType = image.png; path = "common-house-bg@2x.png"; sourceTree = "<group>"; };
		21C3382D17FCAEF900CB6D71 /* common-house-cut.png */ = {isa = PBXFileReference; lastKnownFileType = image.png; path = "common-house-cut.png"; sourceTree = "<group>"; };
		21C3382E17FCAEF900CB6D71 /* common-icon-add@2x.png */ = {isa = PBXFileReference; lastKnownFileType = image.png; path = "common-icon-add@2x.png"; sourceTree = "<group>"; };
		21C3382F17FCAEF900CB6D71 /* common-icon-addnote@2x.png */ = {isa = PBXFileReference; lastKnownFileType = image.png; path = "common-icon-addnote@2x.png"; sourceTree = "<group>"; };
		21C3383017FCAEF900CB6D71 /* common-icon-arrow-down@2x.png */ = {isa = PBXFileReference; lastKnownFileType = image.png; path = "common-icon-arrow-down@2x.png"; sourceTree = "<group>"; };
		21C3383117FCAEF900CB6D71 /* common-icon-back@2x.png */ = {isa = PBXFileReference; lastKnownFileType = image.png; path = "common-icon-back@2x.png"; sourceTree = "<group>"; };
		21C3383217FCAEF900CB6D71 /* common-icon-line@2x.png */ = {isa = PBXFileReference; lastKnownFileType = image.png; path = "common-icon-line@2x.png"; sourceTree = "<group>"; };
		21C3383317FCAEF900CB6D71 /* common-icon-man-large@2x.png */ = {isa = PBXFileReference; lastKnownFileType = image.png; path = "common-icon-man-large@2x.png"; sourceTree = "<group>"; };
		21C3383417FCAEF900CB6D71 /* common-icon-man-small@2x.png */ = {isa = PBXFileReference; lastKnownFileType = image.png; path = "common-icon-man-small@2x.png"; sourceTree = "<group>"; };
		21C3383517FCAEF900CB6D71 /* common-icon-nav@2x.png */ = {isa = PBXFileReference; lastKnownFileType = image.png; path = "common-icon-nav@2x.png"; sourceTree = "<group>"; };
		21C3383617FCAEF900CB6D71 /* common-manmetrics@2x.png */ = {isa = PBXFileReference; lastKnownFileType = image.png; path = "common-manmetrics@2x.png"; sourceTree = "<group>"; };
		21C3383717FCAEF900CB6D71 /* common-mantracker@2x.png */ = {isa = PBXFileReference; lastKnownFileType = image.png; path = "common-mantracker@2x.png"; sourceTree = "<group>"; };
		21C3383817FCAEF900CB6D71 /* common-sky-cut.png */ = {isa = PBXFileReference; lastKnownFileType = image.png; path = "common-sky-cut.png"; sourceTree = "<group>"; };
		21C3383917FCAEF900CB6D71 /* location-avgtime@2x.png */ = {isa = PBXFileReference; lastKnownFileType = image.png; path = "location-avgtime@2x.png"; sourceTree = "<group>"; };
		21C3383A17FCAEF900CB6D71 /* location-checkin@2x.png */ = {isa = PBXFileReference; lastKnownFileType = image.png; path = "location-checkin@2x.png"; sourceTree = "<group>"; };
		21C3383B17FCAEF900CB6D71 /* location-myplace@2x.png */ = {isa = PBXFileReference; lastKnownFileType = image.png; path = "location-myplace@2x.png"; sourceTree = "<group>"; };
		21C3383C17FCAEF900CB6D71 /* location-note@2x.png */ = {isa = PBXFileReference; lastKnownFileType = image.png; path = "location-note@2x.png"; sourceTree = "<group>"; };
		21C3383D17FCAEF900CB6D71 /* location-tweet@2x.png */ = {isa = PBXFileReference; lastKnownFileType = image.png; path = "location-tweet@2x.png"; sourceTree = "<group>"; };
		21C3383E17FCAEF900CB6D71 /* main-hamburger@2x.png */ = {isa = PBXFileReference; lastKnownFileType = image.png; path = "main-hamburger@2x.png"; sourceTree = "<group>"; };
		21C3383F17FCAEF900CB6D71 /* main-kingsbar@2x.png */ = {isa = PBXFileReference; lastKnownFileType = image.png; path = "main-kingsbar@2x.png"; sourceTree = "<group>"; };
		21C3384017FCAEF900CB6D71 /* main-mikes@2x.png */ = {isa = PBXFileReference; lastKnownFileType = image.png; path = "main-mikes@2x.png"; sourceTree = "<group>"; };
		21C3384117FCAEF900CB6D71 /* main-myplace@2x.png */ = {isa = PBXFileReference; lastKnownFileType = image.png; path = "main-myplace@2x.png"; sourceTree = "<group>"; };
		21C3384217FCAEF900CB6D71 /* main-mystery@2x.png */ = {isa = PBXFileReference; lastKnownFileType = image.png; path = "main-mystery@2x.png"; sourceTree = "<group>"; };
		21C3384317FCAEF900CB6D71 /* main-work@2x.png */ = {isa = PBXFileReference; lastKnownFileType = image.png; path = "main-work@2x.png"; sourceTree = "<group>"; };
		21C3384417FCAEF900CB6D71 /* pull-down@2x.png */ = {isa = PBXFileReference; lastKnownFileType = image.png; path = "pull-down@2x.png"; sourceTree = "<group>"; };
		21C3386417FCC4BF00CB6D71 /* common-cloud1.png */ = {isa = PBXFileReference; lastKnownFileType = image.png; path = "common-cloud1.png"; sourceTree = "<group>"; };
		21C3386517FCC4BF00CB6D71 /* common-cloud2.png */ = {isa = PBXFileReference; lastKnownFileType = image.png; path = "common-cloud2.png"; sourceTree = "<group>"; };
		4658CEBB17FB12DC008A7D1A /* MTHomeLocationLayout.h */ = {isa = PBXFileReference; fileEncoding = 4; lastKnownFileType = sourcecode.c.h; path = MTHomeLocationLayout.h; sourceTree = "<group>"; };
		4658CEBC17FB12DC008A7D1A /* MTHomeLocationLayout.m */ = {isa = PBXFileReference; fileEncoding = 4; lastKnownFileType = sourcecode.c.objc; path = MTHomeLocationLayout.m; sourceTree = "<group>"; };
		4658CEC317FB3A32008A7D1A /* UIImage+ImageEffects.h */ = {isa = PBXFileReference; fileEncoding = 4; lastKnownFileType = sourcecode.c.h; path = "UIImage+ImageEffects.h"; sourceTree = "<group>"; };
		4658CEC417FB3A32008A7D1A /* UIImage+ImageEffects.m */ = {isa = PBXFileReference; fileEncoding = 4; lastKnownFileType = sourcecode.c.objc; path = "UIImage+ImageEffects.m"; sourceTree = "<group>"; };
		4658CEC817FB3DBB008A7D1A /* MTNavigationBar.h */ = {isa = PBXFileReference; fileEncoding = 4; lastKnownFileType = sourcecode.c.h; path = MTNavigationBar.h; sourceTree = "<group>"; };
		4658CEC917FB3DBB008A7D1A /* MTNavigationBar.m */ = {isa = PBXFileReference; fileEncoding = 4; lastKnownFileType = sourcecode.c.objc; path = MTNavigationBar.m; sourceTree = "<group>"; };
		465C271217FCE03D009C11DC /* MTKVO.h */ = {isa = PBXFileReference; fileEncoding = 4; lastKnownFileType = sourcecode.c.h; name = MTKVO.h; path = Helpers/MTKVO.h; sourceTree = "<group>"; };
		465C271317FCE03D009C11DC /* MTKVO.m */ = {isa = PBXFileReference; fileEncoding = 4; lastKnownFileType = sourcecode.c.objc; name = MTKVO.m; path = Helpers/MTKVO.m; sourceTree = "<group>"; };
		46C963A917FA259600686A7F /* Main.storyboard */ = {isa = PBXFileReference; fileEncoding = 4; lastKnownFileType = file.storyboard; path = Main.storyboard; sourceTree = "<group>"; };
		46C963AB17FA2C6500686A7F /* MTDrawerController.h */ = {isa = PBXFileReference; fileEncoding = 4; lastKnownFileType = sourcecode.c.h; path = MTDrawerController.h; sourceTree = "<group>"; };
		46C963AC17FA2C6500686A7F /* MTDrawerController.m */ = {isa = PBXFileReference; fileEncoding = 4; lastKnownFileType = sourcecode.c.objc; path = MTDrawerController.m; sourceTree = "<group>"; };
		46C963AE17FA50B300686A7F /* MTDrawerTransitionAnimator.h */ = {isa = PBXFileReference; fileEncoding = 4; lastKnownFileType = sourcecode.c.h; path = MTDrawerTransitionAnimator.h; sourceTree = "<group>"; };
		46C963AF17FA50B400686A7F /* MTDrawerTransitionAnimator.m */ = {isa = PBXFileReference; fileEncoding = 4; lastKnownFileType = sourcecode.c.objc; path = MTDrawerTransitionAnimator.m; sourceTree = "<group>"; };
		FB18D1BA17FDE4F100D65E4A /* MTEasing.h */ = {isa = PBXFileReference; lastKnownFileType = sourcecode.c.h; path = MTEasing.h; sourceTree = "<group>"; };
		FBE0FEE417FB2B5100F42D40 /* arrow@2x.png */ = {isa = PBXFileReference; lastKnownFileType = image.png; path = "arrow@2x.png"; sourceTree = "<group>"; };
		FBE0FEE517FB2B5100F42D40 /* bar-pulldown@2x.png */ = {isa = PBXFileReference; lastKnownFileType = image.png; path = "bar-pulldown@2x.png"; sourceTree = "<group>"; };
		FBE0FEE617FB2B5100F42D40 /* heart@2x.png */ = {isa = PBXFileReference; lastKnownFileType = image.png; path = "heart@2x.png"; sourceTree = "<group>"; };
		FBE0FEE717FB2B5100F42D40 /* man-icon-large@2x.png */ = {isa = PBXFileReference; lastKnownFileType = image.png; path = "man-icon-large@2x.png"; sourceTree = "<group>"; };
		FBE0FEE817FB2B5100F42D40 /* man-icon-small@2x.png */ = {isa = PBXFileReference; lastKnownFileType = image.png; path = "man-icon-small@2x.png"; sourceTree = "<group>"; };
		FBF26CE717F8B7E60023D29C /* Mantracker.app */ = {isa = PBXFileReference; explicitFileType = wrapper.application; includeInIndex = 0; path = Mantracker.app; sourceTree = BUILT_PRODUCTS_DIR; };
		FBF26CEA17F8B7E60023D29C /* Foundation.framework */ = {isa = PBXFileReference; lastKnownFileType = wrapper.framework; name = Foundation.framework; path = System/Library/Frameworks/Foundation.framework; sourceTree = SDKROOT; };
		FBF26CEC17F8B7E60023D29C /* CoreGraphics.framework */ = {isa = PBXFileReference; lastKnownFileType = wrapper.framework; name = CoreGraphics.framework; path = System/Library/Frameworks/CoreGraphics.framework; sourceTree = SDKROOT; };
		FBF26CEE17F8B7E60023D29C /* UIKit.framework */ = {isa = PBXFileReference; lastKnownFileType = wrapper.framework; name = UIKit.framework; path = System/Library/Frameworks/UIKit.framework; sourceTree = SDKROOT; };
		FBF26CF217F8B7E60023D29C /* Mantracker-Info.plist */ = {isa = PBXFileReference; lastKnownFileType = text.plist.xml; path = "Mantracker-Info.plist"; sourceTree = "<group>"; };
		FBF26CF417F8B7E60023D29C /* en */ = {isa = PBXFileReference; lastKnownFileType = text.plist.strings; name = en; path = en.lproj/InfoPlist.strings; sourceTree = "<group>"; };
		FBF26CF617F8B7E60023D29C /* main.m */ = {isa = PBXFileReference; lastKnownFileType = sourcecode.c.objc; path = main.m; sourceTree = "<group>"; };
		FBF26CF817F8B7E60023D29C /* Mantracker-Prefix.pch */ = {isa = PBXFileReference; lastKnownFileType = sourcecode.c.h; path = "Mantracker-Prefix.pch"; sourceTree = "<group>"; };
		FBF26D0217F8B7E60023D29C /* Images.xcassets */ = {isa = PBXFileReference; lastKnownFileType = folder.assetcatalog; path = Images.xcassets; sourceTree = "<group>"; };
		FBF26D0817F8B7E60023D29C /* MantrackerTests.xctest */ = {isa = PBXFileReference; explicitFileType = wrapper.cfbundle; includeInIndex = 0; path = MantrackerTests.xctest; sourceTree = BUILT_PRODUCTS_DIR; };
		FBF26D0917F8B7E60023D29C /* XCTest.framework */ = {isa = PBXFileReference; lastKnownFileType = wrapper.framework; name = XCTest.framework; path = Library/Frameworks/XCTest.framework; sourceTree = DEVELOPER_DIR; };
		FBF26D1117F8B7E60023D29C /* MantrackerTests-Info.plist */ = {isa = PBXFileReference; lastKnownFileType = text.plist.xml; path = "MantrackerTests-Info.plist"; sourceTree = "<group>"; };
		FBF26D1317F8B7E60023D29C /* en */ = {isa = PBXFileReference; lastKnownFileType = text.plist.strings; name = en; path = en.lproj/InfoPlist.strings; sourceTree = "<group>"; };
		FBF26D1517F8B7E60023D29C /* MantrackerTests.m */ = {isa = PBXFileReference; lastKnownFileType = sourcecode.c.objc; path = MantrackerTests.m; sourceTree = "<group>"; };
		FBF26D2117F8BA280023D29C /* MTHomeController.h */ = {isa = PBXFileReference; fileEncoding = 4; lastKnownFileType = sourcecode.c.h; path = MTHomeController.h; sourceTree = "<group>"; };
		FBF26D2217F8BA280023D29C /* MTHomeController.m */ = {isa = PBXFileReference; fileEncoding = 4; lastKnownFileType = sourcecode.c.objc; path = MTHomeController.m; sourceTree = "<group>"; };
		FBF26D2417F8BA280023D29C /* MTAppDelegate.h */ = {isa = PBXFileReference; fileEncoding = 4; lastKnownFileType = sourcecode.c.h; path = MTAppDelegate.h; sourceTree = "<group>"; };
		FBF26D2517F8BA280023D29C /* MTAppDelegate.m */ = {isa = PBXFileReference; fileEncoding = 4; lastKnownFileType = sourcecode.c.objc; path = MTAppDelegate.m; sourceTree = "<group>"; };
		FBF26D2917F8BB3D0023D29C /* MTLocation.h */ = {isa = PBXFileReference; fileEncoding = 4; lastKnownFileType = sourcecode.c.h; path = MTLocation.h; sourceTree = "<group>"; };
		FBF26D2A17F8BB3D0023D29C /* MTLocation.m */ = {isa = PBXFileReference; fileEncoding = 4; lastKnownFileType = sourcecode.c.objc; path = MTLocation.m; sourceTree = "<group>"; };
		FBF26D2C17F8C0AE0023D29C /* MTHomeLocationCell.h */ = {isa = PBXFileReference; fileEncoding = 4; lastKnownFileType = sourcecode.c.h; path = MTHomeLocationCell.h; sourceTree = "<group>"; };
		FBF26D2D17F8C0AE0023D29C /* MTHomeLocationCell.m */ = {isa = PBXFileReference; fileEncoding = 4; lastKnownFileType = sourcecode.c.objc; path = MTHomeLocationCell.m; sourceTree = "<group>"; };
		FBF26D2F17F8C66B0023D29C /* MTLocationController.h */ = {isa = PBXFileReference; fileEncoding = 4; lastKnownFileType = sourcecode.c.h; path = MTLocationController.h; sourceTree = "<group>"; };
		FBF26D3017F8C66B0023D29C /* MTLocationController.m */ = {isa = PBXFileReference; fileEncoding = 4; lastKnownFileType = sourcecode.c.objc; path = MTLocationController.m; sourceTree = "<group>"; };
		FBF26D3217F8D55B0023D29C /* MTHomeLocationSegue.h */ = {isa = PBXFileReference; fileEncoding = 4; lastKnownFileType = sourcecode.c.h; path = MTHomeLocationSegue.h; sourceTree = "<group>"; };
		FBF26D3317F8D55B0023D29C /* MTHomeLocationSegue.m */ = {isa = PBXFileReference; fileEncoding = 4; lastKnownFileType = sourcecode.c.objc; path = MTHomeLocationSegue.m; sourceTree = "<group>"; };
		FBF26D3517F8EEF80023D29C /* MTNavigationDelegate.h */ = {isa = PBXFileReference; fileEncoding = 4; lastKnownFileType = sourcecode.c.h; path = MTNavigationDelegate.h; sourceTree = "<group>"; };
		FBF26D3617F8EEF80023D29C /* MTNavigationDelegate.m */ = {isa = PBXFileReference; fileEncoding = 4; lastKnownFileType = sourcecode.c.objc; path = MTNavigationDelegate.m; sourceTree = "<group>"; };
		FBF26D3817F8F8AA0023D29C /* MTHomeLocationAnimator.h */ = {isa = PBXFileReference; fileEncoding = 4; lastKnownFileType = sourcecode.c.h; path = MTHomeLocationAnimator.h; sourceTree = "<group>"; };
		FBF26D3917F8F8AA0023D29C /* MTHomeLocationAnimator.m */ = {isa = PBXFileReference; fileEncoding = 4; lastKnownFileType = sourcecode.c.objc; path = MTHomeLocationAnimator.m; sourceTree = "<group>"; };
/* End PBXFileReference section */

/* Begin PBXFrameworksBuildPhase section */
		FBF26CE417F8B7E60023D29C /* Frameworks */ = {
			isa = PBXFrameworksBuildPhase;
			buildActionMask = 2147483647;
			files = (
				FBF26CED17F8B7E60023D29C /* CoreGraphics.framework in Frameworks */,
				FBF26CEF17F8B7E60023D29C /* UIKit.framework in Frameworks */,
				FBF26CEB17F8B7E60023D29C /* Foundation.framework in Frameworks */,
			);
			runOnlyForDeploymentPostprocessing = 0;
		};
		FBF26D0517F8B7E60023D29C /* Frameworks */ = {
			isa = PBXFrameworksBuildPhase;
			buildActionMask = 2147483647;
			files = (
				FBF26D0A17F8B7E60023D29C /* XCTest.framework in Frameworks */,
				FBF26D0C17F8B7E60023D29C /* UIKit.framework in Frameworks */,
				FBF26D0B17F8B7E60023D29C /* Foundation.framework in Frameworks */,
			);
			runOnlyForDeploymentPostprocessing = 0;
		};
/* End PBXFrameworksBuildPhase section */

/* Begin PBXGroup section */
		4658CEC217FB3A32008A7D1A /* Categories */ = {
			isa = PBXGroup;
			children = (
				4658CEC317FB3A32008A7D1A /* UIImage+ImageEffects.h */,
				4658CEC417FB3A32008A7D1A /* UIImage+ImageEffects.m */,
			);
			path = Categories;
			sourceTree = "<group>";
		};
		FBE0FEE217FB2B5100F42D40 /* Resources */ = {
			isa = PBXGroup;
			children = (
				FBE0FEE317FB2B5100F42D40 /* Images */,
			);
			path = Resources;
			sourceTree = "<group>";
		};
		FBE0FEE317FB2B5100F42D40 /* Images */ = {
			isa = PBXGroup;
			children = (
				21C3386417FCC4BF00CB6D71 /* common-cloud1.png */,
				21C3386517FCC4BF00CB6D71 /* common-cloud2.png */,
				21C3382817FCAEF900CB6D71 /* common-arrow-up@2x.png */,
				21C3382917FCAEF900CB6D71 /* common-blur-bg@2x.png */,
				21C3382A17FCAEF900CB6D71 /* common-clouds@2x.png */,
				21C3382B17FCAEF900CB6D71 /* common-heart@2x.png */,
				21C3382C17FCAEF900CB6D71 /* common-house-bg@2x.png */,
				21C3382D17FCAEF900CB6D71 /* common-house-cut.png */,
				21C3382E17FCAEF900CB6D71 /* common-icon-add@2x.png */,
				21C3382F17FCAEF900CB6D71 /* common-icon-addnote@2x.png */,
				21C3383017FCAEF900CB6D71 /* common-icon-arrow-down@2x.png */,
				21C3383117FCAEF900CB6D71 /* common-icon-back@2x.png */,
				21C3383217FCAEF900CB6D71 /* common-icon-line@2x.png */,
				21C3383317FCAEF900CB6D71 /* common-icon-man-large@2x.png */,
				21C3383417FCAEF900CB6D71 /* common-icon-man-small@2x.png */,
				21C3383517FCAEF900CB6D71 /* common-icon-nav@2x.png */,
				21C3383617FCAEF900CB6D71 /* common-manmetrics@2x.png */,
				21C3383717FCAEF900CB6D71 /* common-mantracker@2x.png */,
				21C3383817FCAEF900CB6D71 /* common-sky-cut.png */,
				21C3383917FCAEF900CB6D71 /* location-avgtime@2x.png */,
				21C3383A17FCAEF900CB6D71 /* location-checkin@2x.png */,
				21C3383B17FCAEF900CB6D71 /* location-myplace@2x.png */,
				21C3383C17FCAEF900CB6D71 /* location-note@2x.png */,
				21C3383D17FCAEF900CB6D71 /* location-tweet@2x.png */,
				21C3383E17FCAEF900CB6D71 /* main-hamburger@2x.png */,
				21C3383F17FCAEF900CB6D71 /* main-kingsbar@2x.png */,
				21C3384017FCAEF900CB6D71 /* main-mikes@2x.png */,
				21C3384117FCAEF900CB6D71 /* main-myplace@2x.png */,
				21C3384217FCAEF900CB6D71 /* main-mystery@2x.png */,
				21C3384317FCAEF900CB6D71 /* main-work@2x.png */,
				21C3384417FCAEF900CB6D71 /* pull-down@2x.png */,
				FBE0FEE417FB2B5100F42D40 /* arrow@2x.png */,
				FBE0FEE517FB2B5100F42D40 /* bar-pulldown@2x.png */,
				FBE0FEE617FB2B5100F42D40 /* heart@2x.png */,
				FBE0FEE717FB2B5100F42D40 /* man-icon-large@2x.png */,
				FBE0FEE817FB2B5100F42D40 /* man-icon-small@2x.png */,
			);
			path = Images;
			sourceTree = "<group>";
		};
		FBF26CDE17F8B7E60023D29C = {
			isa = PBXGroup;
			children = (
				FBF26CF017F8B7E60023D29C /* Mantracker */,
				FBF26D0F17F8B7E60023D29C /* MantrackerTests */,
				FBF26CE917F8B7E60023D29C /* Frameworks */,
				FBF26CE817F8B7E60023D29C /* Products */,
			);
			sourceTree = "<group>";
		};
		FBF26CE817F8B7E60023D29C /* Products */ = {
			isa = PBXGroup;
			children = (
				FBF26CE717F8B7E60023D29C /* Mantracker.app */,
				FBF26D0817F8B7E60023D29C /* MantrackerTests.xctest */,
			);
			name = Products;
			sourceTree = "<group>";
		};
		FBF26CE917F8B7E60023D29C /* Frameworks */ = {
			isa = PBXGroup;
			children = (
				FBF26CEA17F8B7E60023D29C /* Foundation.framework */,
				FBF26CEC17F8B7E60023D29C /* CoreGraphics.framework */,
				FBF26CEE17F8B7E60023D29C /* UIKit.framework */,
				FBF26D0917F8B7E60023D29C /* XCTest.framework */,
			);
			name = Frameworks;
			sourceTree = "<group>";
		};
		FBF26CF017F8B7E60023D29C /* Mantracker */ = {
			isa = PBXGroup;
			children = (
				FBF26D1F17F8BA280023D29C /* Classes */,
				FBF26D2817F8BA3B0023D29C /* Views */,
				FBE0FEE217FB2B5100F42D40 /* Resources */,
				FBF26D0217F8B7E60023D29C /* Images.xcassets */,
				FBF26CF117F8B7E60023D29C /* Supporting Files */,
			);
			path = Mantracker;
			sourceTree = "<group>";
		};
		FBF26CF117F8B7E60023D29C /* Supporting Files */ = {
			isa = PBXGroup;
			children = (
				FBF26CF217F8B7E60023D29C /* Mantracker-Info.plist */,
				FBF26CF317F8B7E60023D29C /* InfoPlist.strings */,
				FBF26CF617F8B7E60023D29C /* main.m */,
				FBF26CF817F8B7E60023D29C /* Mantracker-Prefix.pch */,
			);
			name = "Supporting Files";
			sourceTree = "<group>";
		};
		FBF26D0F17F8B7E60023D29C /* MantrackerTests */ = {
			isa = PBXGroup;
			children = (
				FBF26D1517F8B7E60023D29C /* MantrackerTests.m */,
				FBF26D1017F8B7E60023D29C /* Supporting Files */,
			);
			path = MantrackerTests;
			sourceTree = "<group>";
		};
		FBF26D1017F8B7E60023D29C /* Supporting Files */ = {
			isa = PBXGroup;
			children = (
				FBF26D1117F8B7E60023D29C /* MantrackerTests-Info.plist */,
				FBF26D1217F8B7E60023D29C /* InfoPlist.strings */,
			);
			name = "Supporting Files";
			sourceTree = "<group>";
		};
		FBF26D1F17F8BA280023D29C /* Classes */ = {
			isa = PBXGroup;
			children = (
				4658CEC217FB3A32008A7D1A /* Categories */,
				FBF26D2017F8BA280023D29C /* Home */,
				FBF26D2317F8BA280023D29C /* Location */,
				FBF26D2417F8BA280023D29C /* MTAppDelegate.h */,
				FBF26D2517F8BA280023D29C /* MTAppDelegate.m */,
				FBF26D3517F8EEF80023D29C /* MTNavigationDelegate.h */,
				FBF26D3617F8EEF80023D29C /* MTNavigationDelegate.m */,
				465C271217FCE03D009C11DC /* MTKVO.h */,
				465C271317FCE03D009C11DC /* MTKVO.m */,
				FB18D1BA17FDE4F100D65E4A /* MTEasing.h */,
			);
			path = Classes;
			sourceTree = "<group>";
		};
		FBF26D2017F8BA280023D29C /* Home */ = {
			isa = PBXGroup;
			children = (
				FBF26D2117F8BA280023D29C /* MTHomeController.h */,
				FBF26D2217F8BA280023D29C /* MTHomeController.m */,
				FBF26D2C17F8C0AE0023D29C /* MTHomeLocationCell.h */,
				FBF26D2D17F8C0AE0023D29C /* MTHomeLocationCell.m */,
				FBF26D3217F8D55B0023D29C /* MTHomeLocationSegue.h */,
				FBF26D3317F8D55B0023D29C /* MTHomeLocationSegue.m */,
				FBF26D3817F8F8AA0023D29C /* MTHomeLocationAnimator.h */,
				FBF26D3917F8F8AA0023D29C /* MTHomeLocationAnimator.m */,
				46C963AB17FA2C6500686A7F /* MTDrawerController.h */,
				46C963AC17FA2C6500686A7F /* MTDrawerController.m */,
				46C963AE17FA50B300686A7F /* MTDrawerTransitionAnimator.h */,
				46C963AF17FA50B400686A7F /* MTDrawerTransitionAnimator.m */,
				4658CEBB17FB12DC008A7D1A /* MTHomeLocationLayout.h */,
				4658CEBC17FB12DC008A7D1A /* MTHomeLocationLayout.m */,
				4658CEC817FB3DBB008A7D1A /* MTNavigationBar.h */,
				4658CEC917FB3DBB008A7D1A /* MTNavigationBar.m */,
			);
			path = Home;
			sourceTree = "<group>";
		};
		FBF26D2317F8BA280023D29C /* Location */ = {
			isa = PBXGroup;
			children = (
				FBF26D2F17F8C66B0023D29C /* MTLocationController.h */,
				FBF26D3017F8C66B0023D29C /* MTLocationController.m */,
				FBF26D2917F8BB3D0023D29C /* MTLocation.h */,
				FBF26D2A17F8BB3D0023D29C /* MTLocation.m */,
			);
			path = Location;
			sourceTree = "<group>";
		};
		FBF26D2817F8BA3B0023D29C /* Views */ = {
			isa = PBXGroup;
			children = (
				46C963A917FA259600686A7F /* Main.storyboard */,
			);
			path = Views;
			sourceTree = "<group>";
		};
/* End PBXGroup section */

/* Begin PBXNativeTarget section */
		FBF26CE617F8B7E60023D29C /* Mantracker */ = {
			isa = PBXNativeTarget;
			buildConfigurationList = FBF26D1917F8B7E60023D29C /* Build configuration list for PBXNativeTarget "Mantracker" */;
			buildPhases = (
				FBF26CE317F8B7E60023D29C /* Sources */,
				FBF26CE417F8B7E60023D29C /* Frameworks */,
				FBF26CE517F8B7E60023D29C /* Resources */,
			);
			buildRules = (
			);
			dependencies = (
			);
			name = Mantracker;
			productName = Mantracker;
			productReference = FBF26CE717F8B7E60023D29C /* Mantracker.app */;
			productType = "com.apple.product-type.application";
		};
		FBF26D0717F8B7E60023D29C /* MantrackerTests */ = {
			isa = PBXNativeTarget;
			buildConfigurationList = FBF26D1C17F8B7E60023D29C /* Build configuration list for PBXNativeTarget "MantrackerTests" */;
			buildPhases = (
				FBF26D0417F8B7E60023D29C /* Sources */,
				FBF26D0517F8B7E60023D29C /* Frameworks */,
				FBF26D0617F8B7E60023D29C /* Resources */,
			);
			buildRules = (
			);
			dependencies = (
				FBF26D0E17F8B7E60023D29C /* PBXTargetDependency */,
			);
			name = MantrackerTests;
			productName = MantrackerTests;
			productReference = FBF26D0817F8B7E60023D29C /* MantrackerTests.xctest */;
			productType = "com.apple.product-type.bundle.unit-test";
		};
/* End PBXNativeTarget section */

/* Begin PBXProject section */
		FBF26CDF17F8B7E60023D29C /* Project object */ = {
			isa = PBXProject;
			attributes = {
				CLASSPREFIX = ND;
				LastUpgradeCheck = 0500;
				ORGANIZATIONNAME = Nascent;
				TargetAttributes = {
					FBF26D0717F8B7E60023D29C = {
						TestTargetID = FBF26CE617F8B7E60023D29C;
					};
				};
			};
			buildConfigurationList = FBF26CE217F8B7E60023D29C /* Build configuration list for PBXProject "Mantracker" */;
			compatibilityVersion = "Xcode 3.2";
			developmentRegion = English;
			hasScannedForEncodings = 0;
			knownRegions = (
				en,
				Base,
			);
			mainGroup = FBF26CDE17F8B7E60023D29C;
			productRefGroup = FBF26CE817F8B7E60023D29C /* Products */;
			projectDirPath = "";
			projectRoot = "";
			targets = (
				FBF26CE617F8B7E60023D29C /* Mantracker */,
				FBF26D0717F8B7E60023D29C /* MantrackerTests */,
			);
		};
/* End PBXProject section */

/* Begin PBXResourcesBuildPhase section */
		FBF26CE517F8B7E60023D29C /* Resources */ = {
			isa = PBXResourcesBuildPhase;
			buildActionMask = 2147483647;
			files = (
				21C3384517FCAEF900CB6D71 /* common-arrow-up@2x.png in Resources */,
				21C3384B17FCAEF900CB6D71 /* common-icon-add@2x.png in Resources */,
				21C3385917FCAEF900CB6D71 /* location-note@2x.png in Resources */,
				21C3385A17FCAEF900CB6D71 /* location-tweet@2x.png in Resources */,
				21C3384C17FCAEF900CB6D71 /* common-icon-addnote@2x.png in Resources */,
				21C3385F17FCAEF900CB6D71 /* main-mystery@2x.png in Resources */,
				21C3385B17FCAEF900CB6D71 /* main-hamburger@2x.png in Resources */,
				FBE0FEE917FB2B5100F42D40 /* arrow@2x.png in Resources */,
				21C3385217FCAEF900CB6D71 /* common-icon-nav@2x.png in Resources */,
				FBE0FEEC17FB2B5100F42D40 /* man-icon-large@2x.png in Resources */,
				21C3386117FCAEF900CB6D71 /* pull-down@2x.png in Resources */,
				21C3384E17FCAEF900CB6D71 /* common-icon-back@2x.png in Resources */,
				21C3384617FCAEF900CB6D71 /* common-blur-bg@2x.png in Resources */,
				21C3385117FCAEF900CB6D71 /* common-icon-man-small@2x.png in Resources */,
				21C3384917FCAEF900CB6D71 /* common-house-bg@2x.png in Resources */,
				FBE0FEED17FB2B5100F42D40 /* man-icon-small@2x.png in Resources */,
				21C3385617FCAEF900CB6D71 /* location-avgtime@2x.png in Resources */,
				46C963AA17FA259600686A7F /* Main.storyboard in Resources */,
				FBF26D0317F8B7E60023D29C /* Images.xcassets in Resources */,
				21C3385D17FCAEF900CB6D71 /* main-mikes@2x.png in Resources */,
				21C3384F17FCAEF900CB6D71 /* common-icon-line@2x.png in Resources */,
				FBE0FEEB17FB2B5100F42D40 /* heart@2x.png in Resources */,
				21C3384717FCAEF900CB6D71 /* common-clouds@2x.png in Resources */,
				21C3386717FCC4BF00CB6D71 /* common-cloud2.png in Resources */,
				21C3385E17FCAEF900CB6D71 /* main-myplace@2x.png in Resources */,
				21C3386617FCC4BF00CB6D71 /* common-cloud1.png in Resources */,
				21C3385C17FCAEF900CB6D71 /* main-kingsbar@2x.png in Resources */,
				21C3385817FCAEF900CB6D71 /* location-myplace@2x.png in Resources */,
				FBE0FEEA17FB2B5100F42D40 /* bar-pulldown@2x.png in Resources */,
				21C3385517FCAEF900CB6D71 /* common-sky-cut.png in Resources */,
				21C3384D17FCAEF900CB6D71 /* common-icon-arrow-down@2x.png in Resources */,
				21C3384817FCAEF900CB6D71 /* common-heart@2x.png in Resources */,
				21C3385417FCAEF900CB6D71 /* common-mantracker@2x.png in Resources */,
				21C3386017FCAEF900CB6D71 /* main-work@2x.png in Resources */,
				21C3385017FCAEF900CB6D71 /* common-icon-man-large@2x.png in Resources */,
				21C3384A17FCAEF900CB6D71 /* common-house-cut.png in Resources */,
				FBF26CF517F8B7E60023D29C /* InfoPlist.strings in Resources */,
				21C3385717FCAEF900CB6D71 /* location-checkin@2x.png in Resources */,
				21C3385317FCAEF900CB6D71 /* common-manmetrics@2x.png in Resources */,
			);
			runOnlyForDeploymentPostprocessing = 0;
		};
		FBF26D0617F8B7E60023D29C /* Resources */ = {
			isa = PBXResourcesBuildPhase;
			buildActionMask = 2147483647;
			files = (
				FBF26D1417F8B7E60023D29C /* InfoPlist.strings in Resources */,
			);
			runOnlyForDeploymentPostprocessing = 0;
		};
/* End PBXResourcesBuildPhase section */

/* Begin PBXSourcesBuildPhase section */
		FBF26CE317F8B7E60023D29C /* Sources */ = {
			isa = PBXSourcesBuildPhase;
			buildActionMask = 2147483647;
			files = (
				FBF26D3417F8D55B0023D29C /* MTHomeLocationSegue.m in Sources */,
				4658CEC517FB3A32008A7D1A /* UIImage+ImageEffects.m in Sources */,
				FBF26D2717F8BA280023D29C /* MTAppDelegate.m in Sources */,
				46C963AD17FA2C6500686A7F /* MTDrawerController.m in Sources */,
				FBF26D2B17F8BB3D0023D29C /* MTLocation.m in Sources */,
				46C963B017FA50B400686A7F /* MTDrawerTransitionAnimator.m in Sources */,
				FBF26D2617F8BA280023D29C /* MTHomeController.m in Sources */,
				4658CEBD17FB12DC008A7D1A /* MTHomeLocationLayout.m in Sources */,
				FBF26D3117F8C66B0023D29C /* MTLocationController.m in Sources */,
				465C271417FCE03D009C11DC /* MTKVO.m in Sources */,
				FBF26D3717F8EEF80023D29C /* MTNavigationDelegate.m in Sources */,
				FBF26CF717F8B7E60023D29C /* main.m in Sources */,
				FBF26D2E17F8C0AE0023D29C /* MTHomeLocationCell.m in Sources */,
				4658CECA17FB3DBB008A7D1A /* MTNavigationBar.m in Sources */,
				FBF26D3A17F8F8AA0023D29C /* MTHomeLocationAnimator.m in Sources */,
			);
			runOnlyForDeploymentPostprocessing = 0;
		};
		FBF26D0417F8B7E60023D29C /* Sources */ = {
			isa = PBXSourcesBuildPhase;
			buildActionMask = 2147483647;
			files = (
				FBF26D1617F8B7E60023D29C /* MantrackerTests.m in Sources */,
			);
			runOnlyForDeploymentPostprocessing = 0;
		};
/* End PBXSourcesBuildPhase section */

/* Begin PBXTargetDependency section */
		FBF26D0E17F8B7E60023D29C /* PBXTargetDependency */ = {
			isa = PBXTargetDependency;
			target = FBF26CE617F8B7E60023D29C /* Mantracker */;
			targetProxy = FBF26D0D17F8B7E60023D29C /* PBXContainerItemProxy */;
		};
/* End PBXTargetDependency section */

/* Begin PBXVariantGroup section */
		FBF26CF317F8B7E60023D29C /* InfoPlist.strings */ = {
			isa = PBXVariantGroup;
			children = (
				FBF26CF417F8B7E60023D29C /* en */,
			);
			name = InfoPlist.strings;
			sourceTree = "<group>";
		};
		FBF26D1217F8B7E60023D29C /* InfoPlist.strings */ = {
			isa = PBXVariantGroup;
			children = (
				FBF26D1317F8B7E60023D29C /* en */,
			);
			name = InfoPlist.strings;
			sourceTree = "<group>";
		};
/* End PBXVariantGroup section */

/* Begin XCBuildConfiguration section */
		FBF26D1717F8B7E60023D29C /* Debug */ = {
			isa = XCBuildConfiguration;
			buildSettings = {
				ALWAYS_SEARCH_USER_PATHS = NO;
				ARCHS = "$(ARCHS_STANDARD)";
				CLANG_CXX_LANGUAGE_STANDARD = "gnu++0x";
				CLANG_CXX_LIBRARY = "libc++";
				CLANG_ENABLE_MODULES = YES;
				CLANG_ENABLE_OBJC_ARC = YES;
				CLANG_WARN_BOOL_CONVERSION = YES;
				CLANG_WARN_CONSTANT_CONVERSION = YES;
				CLANG_WARN_DIRECT_OBJC_ISA_USAGE = YES_ERROR;
				CLANG_WARN_EMPTY_BODY = YES;
				CLANG_WARN_ENUM_CONVERSION = YES;
				CLANG_WARN_INT_CONVERSION = YES;
				CLANG_WARN_OBJC_ROOT_CLASS = YES_ERROR;
				CLANG_WARN__DUPLICATE_METHOD_MATCH = YES;
				"CODE_SIGN_IDENTITY[sdk=iphoneos*]" = "iPhone Developer";
				COPY_PHASE_STRIP = NO;
				GCC_C_LANGUAGE_STANDARD = gnu99;
				GCC_DYNAMIC_NO_PIC = NO;
				GCC_OPTIMIZATION_LEVEL = 0;
				GCC_PREPROCESSOR_DEFINITIONS = (
					"DEBUG=1",
					"$(inherited)",
				);
				GCC_SYMBOLS_PRIVATE_EXTERN = NO;
				GCC_WARN_64_TO_32_BIT_CONVERSION = YES;
				GCC_WARN_ABOUT_RETURN_TYPE = YES_ERROR;
				GCC_WARN_UNDECLARED_SELECTOR = YES;
				GCC_WARN_UNINITIALIZED_AUTOS = YES;
				GCC_WARN_UNUSED_FUNCTION = YES;
				GCC_WARN_UNUSED_VARIABLE = YES;
				IPHONEOS_DEPLOYMENT_TARGET = 7.0;
				ONLY_ACTIVE_ARCH = YES;
				SDKROOT = iphoneos;
			};
			name = Debug;
		};
		FBF26D1817F8B7E60023D29C /* Release */ = {
			isa = XCBuildConfiguration;
			buildSettings = {
				ALWAYS_SEARCH_USER_PATHS = NO;
				ARCHS = "$(ARCHS_STANDARD)";
				CLANG_CXX_LANGUAGE_STANDARD = "gnu++0x";
				CLANG_CXX_LIBRARY = "libc++";
				CLANG_ENABLE_MODULES = YES;
				CLANG_ENABLE_OBJC_ARC = YES;
				CLANG_WARN_BOOL_CONVERSION = YES;
				CLANG_WARN_CONSTANT_CONVERSION = YES;
				CLANG_WARN_DIRECT_OBJC_ISA_USAGE = YES_ERROR;
				CLANG_WARN_EMPTY_BODY = YES;
				CLANG_WARN_ENUM_CONVERSION = YES;
				CLANG_WARN_INT_CONVERSION = YES;
				CLANG_WARN_OBJC_ROOT_CLASS = YES_ERROR;
				CLANG_WARN__DUPLICATE_METHOD_MATCH = YES;
				"CODE_SIGN_IDENTITY[sdk=iphoneos*]" = "iPhone Developer";
				COPY_PHASE_STRIP = YES;
				ENABLE_NS_ASSERTIONS = NO;
				GCC_C_LANGUAGE_STANDARD = gnu99;
				GCC_WARN_64_TO_32_BIT_CONVERSION = YES;
				GCC_WARN_ABOUT_RETURN_TYPE = YES_ERROR;
				GCC_WARN_UNDECLARED_SELECTOR = YES;
				GCC_WARN_UNINITIALIZED_AUTOS = YES;
				GCC_WARN_UNUSED_FUNCTION = YES;
				GCC_WARN_UNUSED_VARIABLE = YES;
				IPHONEOS_DEPLOYMENT_TARGET = 7.0;
				SDKROOT = iphoneos;
				VALIDATE_PRODUCT = YES;
			};
			name = Release;
		};
		FBF26D1A17F8B7E60023D29C /* Debug */ = {
			isa = XCBuildConfiguration;
			buildSettings = {
				ASSETCATALOG_COMPILER_APPICON_NAME = AppIcon;
				ASSETCATALOG_COMPILER_LAUNCHIMAGE_NAME = LaunchImage;
				CODE_SIGN_IDENTITY = "iPhone Developer";
				GCC_PRECOMPILE_PREFIX_HEADER = YES;
				GCC_PREFIX_HEADER = "Mantracker/Mantracker-Prefix.pch";
				INFOPLIST_FILE = "Mantracker/Mantracker-Info.plist";
				PRODUCT_NAME = "$(TARGET_NAME)";
				WRAPPER_EXTENSION = app;
			};
			name = Debug;
		};
		FBF26D1B17F8B7E60023D29C /* Release */ = {
			isa = XCBuildConfiguration;
			buildSettings = {
				ASSETCATALOG_COMPILER_APPICON_NAME = AppIcon;
				ASSETCATALOG_COMPILER_LAUNCHIMAGE_NAME = LaunchImage;
				"CODE_SIGN_IDENTITY[sdk=iphoneos*]" = "";
				GCC_PRECOMPILE_PREFIX_HEADER = YES;
				GCC_PREFIX_HEADER = "Mantracker/Mantracker-Prefix.pch";
				INFOPLIST_FILE = "Mantracker/Mantracker-Info.plist";
				PRODUCT_NAME = "$(TARGET_NAME)";
				WRAPPER_EXTENSION = app;
			};
			name = Release;
		};
		FBF26D1D17F8B7E60023D29C /* Debug */ = {
			isa = XCBuildConfiguration;
			buildSettings = {
				ARCHS = "$(ARCHS_STANDARD_INCLUDING_64_BIT)";
				BUNDLE_LOADER = "$(BUILT_PRODUCTS_DIR)/Mantracker.app/Mantracker";
				FRAMEWORK_SEARCH_PATHS = (
					"$(SDKROOT)/Developer/Library/Frameworks",
					"$(inherited)",
					"$(DEVELOPER_FRAMEWORKS_DIR)",
				);
				GCC_PRECOMPILE_PREFIX_HEADER = YES;
				GCC_PREFIX_HEADER = "Mantracker/Mantracker-Prefix.pch";
				GCC_PREPROCESSOR_DEFINITIONS = (
					"DEBUG=1",
					"$(inherited)",
				);
				INFOPLIST_FILE = "MantrackerTests/MantrackerTests-Info.plist";
				PRODUCT_NAME = "$(TARGET_NAME)";
				TEST_HOST = "$(BUNDLE_LOADER)";
				WRAPPER_EXTENSION = xctest;
			};
			name = Debug;
		};
		FBF26D1E17F8B7E60023D29C /* Release */ = {
			isa = XCBuildConfiguration;
			buildSettings = {
				ARCHS = "$(ARCHS_STANDARD_INCLUDING_64_BIT)";
				BUNDLE_LOADER = "$(BUILT_PRODUCTS_DIR)/Mantracker.app/Mantracker";
				FRAMEWORK_SEARCH_PATHS = (
					"$(SDKROOT)/Developer/Library/Frameworks",
					"$(inherited)",
					"$(DEVELOPER_FRAMEWORKS_DIR)",
				);
				GCC_PRECOMPILE_PREFIX_HEADER = YES;
				GCC_PREFIX_HEADER = "Mantracker/Mantracker-Prefix.pch";
				INFOPLIST_FILE = "MantrackerTests/MantrackerTests-Info.plist";
				PRODUCT_NAME = "$(TARGET_NAME)";
				TEST_HOST = "$(BUNDLE_LOADER)";
				WRAPPER_EXTENSION = xctest;
			};
			name = Release;
		};
/* End XCBuildConfiguration section */

/* Begin XCConfigurationList section */
		FBF26CE217F8B7E60023D29C /* Build configuration list for PBXProject "Mantracker" */ = {
			isa = XCConfigurationList;
			buildConfigurations = (
				FBF26D1717F8B7E60023D29C /* Debug */,
				FBF26D1817F8B7E60023D29C /* Release */,
			);
			defaultConfigurationIsVisible = 0;
			defaultConfigurationName = Release;
		};
		FBF26D1917F8B7E60023D29C /* Build configuration list for PBXNativeTarget "Mantracker" */ = {
			isa = XCConfigurationList;
			buildConfigurations = (
				FBF26D1A17F8B7E60023D29C /* Debug */,
				FBF26D1B17F8B7E60023D29C /* Release */,
			);
			defaultConfigurationIsVisible = 0;
			defaultConfigurationName = Release;
		};
		FBF26D1C17F8B7E60023D29C /* Build configuration list for PBXNativeTarget "MantrackerTests" */ = {
			isa = XCConfigurationList;
			buildConfigurations = (
				FBF26D1D17F8B7E60023D29C /* Debug */,
				FBF26D1E17F8B7E60023D29C /* Release */,
			);
			defaultConfigurationIsVisible = 0;
			defaultConfigurationName = Release;
		};
/* End XCConfigurationList section */
	};
	rootObject = FBF26CDF17F8B7E60023D29C /* Project object */;
}
